{
  "object": {
    "pins": [
      {
        "package": "BottomSheet",
        "repositoryURL": "git@github.com:max9631/BottomSheet.git",
        "state": {
          "branch": "develop",
          "revision": "bb7a58c981e7fb72172feedbc9ed65580f31ca7b",
          "version": null
        }
      },
      {
        "package": "DynamicContent",
        "repositoryURL": "git@github.com:max9631/DynamicContent.git",
        "state": {
          "branch": "develop",
          "revision": "5183d83e2f1a6d3e4fc1256a99e199444ac426d6",
          "version": null
        }
      }
    ]
  },
  "version": 1
}
